{
  "name": "lambda_mem_monitor",
  "version": "1.0.0",
  "lockfileVersion": 1,
  "requires": true,
  "dependencies": {
    "unix-mem-monitor": {
      "version": "1.0.1",
      "resolved": "https://registry.npmjs.org/unix-mem-monitor/-/unix-mem-monitor-1.0.1.tgz",
      "integrity": "sha512-mMrNkcuNJNcNuz1HwO9lyVx0PMhS2HpoAg3rqkchCHvHgMZP5MeHVZzqe5Nj4z+Wx1kBsV3m6a2YYeMPGCqjMg=="
    }
  }
}
